{
  "name": "PAP",
  "lockfileVersion": 3,
  "requires": true,
  "packages": {
    "": {
      "dependencies": {
        "@types/matter-js": "^0.19.8"
      }
    },
    "node_modules/@types/matter-js": {
      "version": "0.19.8",
      "resolved": "https://registry.npmjs.org/@types/matter-js/-/matter-js-0.19.8.tgz",
      "integrity": "sha512-W2ZWG58Lijv/4v768NgpeyFqqiOyslmAU7qqM1Lhz4XBoUgGtZtPz4CjcOKYtqHIak14dvPldslQhltqLTWwsw==",
      "license": "MIT"
    }
  }
}
